
Microsoft Visual Studio Solution File, Format Version 12.00
# Visual Studio Version 16
VisualStudioVersion = 16.0.33130.400
MinimumVisualStudioVersion = 10.0.40219.1
Project("{FAE04EC0-301F-11D3-BF4B-00C04F79EFBC}") = "Pasteleria.02", "Pasteleria.02.csproj", "{5C0C5F6C-1E8B-4B82-AB55-4F50546115D6}"
EndProject
Global
	GlobalSection(SolutionConfigurationPlatforms) = preSolution
		Debug|Any CPU = Debug|Any CPU
		Release|Any CPU = Release|Any CPU
	EndGlobalSection
	GlobalSection(ProjectConfigurationPlatforms) = postSolution
		{5C0C5F6C-1E8B-4B82-AB55-4F50546115D6}.Debug|Any CPU.ActiveCfg = Debug|Any CPU
		{5C0C5F6C-1E8B-4B82-AB55-4F50546115D6}.Debug|Any CPU.Build.0 = Debug|Any CPU
		{5C0C5F6C-1E8B-4B82-AB55-4F50546115D6}.Release|Any CPU.ActiveCfg = Release|Any CPU
		{5C0C5F6C-1E8B-4B82-AB55-4F50546115D6}.Release|Any CPU.Build.0 = Release|Any CPU
	EndGlobalSection
	GlobalSection(SolutionProperties) = preSolution
		HideSolutionNode = FALSE
	EndGlobalSection
	GlobalSection(ExtensibilityGlobals) = postSolution
		SolutionGuid = {250BB64C-D5D9-4535-A01E-00F5834E43F0}
	EndGlobalSection
EndGlobal
